
Microsoft Visual Studio Solution File, Format Version 12.00
# Visual Studio Version 16
VisualStudioVersion = 16.0.31229.75
MinimumVisualStudioVersion = 10.0.40219.1
Project("{8BC9CEB8-8B4A-11D0-8D11-00A0C91BC942}") = "Huan", "Huan.vcxproj", "{DB5465F0-98B9-497C-BE03-AC3276E7DF46}"
EndProject
Project("{8BC9CEB8-8B4A-11D0-8D11-00A0C91BC942}") = "HuanLoader", "HuanLoader\HuanLoader.vcxproj", "{2234DF93-108C-41FA-A284-25D78FBBBD5E}"
EndProject
Global
	GlobalSection(SolutionConfigurationPlatforms) = preSolution
		Debug|x64 = Debug|x64
		Debug|x86 = Debug|x86
		JustLoader|x64 = JustLoader|x64
		JustLoader|x86 = JustLoader|x86
		Release|x64 = Release|x64
		Release|x86 = Release|x86
	EndGlobalSection
	GlobalSection(ProjectConfigurationPlatforms) = postSolution
		{DB5465F0-98B9-497C-BE03-AC3276E7DF46}.Debug|x64.ActiveCfg = Debug|x64
		{DB5465F0-98B9-497C-BE03-AC3276E7DF46}.Debug|x64.Build.0 = Debug|x64
		{DB5465F0-98B9-497C-BE03-AC3276E7DF46}.Debug|x86.ActiveCfg = Debug|Win32
		{DB5465F0-98B9-497C-BE03-AC3276E7DF46}.Debug|x86.Build.0 = Debug|Win32
		{DB5465F0-98B9-497C-BE03-AC3276E7DF46}.JustLoader|x64.ActiveCfg = JustLoader|x64
		{DB5465F0-98B9-497C-BE03-AC3276E7DF46}.JustLoader|x86.ActiveCfg = JustLoader|Win32
		{DB5465F0-98B9-497C-BE03-AC3276E7DF46}.JustLoader|x86.Build.0 = JustLoader|Win32
		{DB5465F0-98B9-497C-BE03-AC3276E7DF46}.Release|x64.ActiveCfg = Release|x64
		{DB5465F0-98B9-497C-BE03-AC3276E7DF46}.Release|x64.Build.0 = Release|x64
		{DB5465F0-98B9-497C-BE03-AC3276E7DF46}.Release|x86.ActiveCfg = Release|Win32
		{DB5465F0-98B9-497C-BE03-AC3276E7DF46}.Release|x86.Build.0 = Release|Win32
		{2234DF93-108C-41FA-A284-25D78FBBBD5E}.Debug|x64.ActiveCfg = Debug|x64
		{2234DF93-108C-41FA-A284-25D78FBBBD5E}.Debug|x86.ActiveCfg = Debug|Win32
		{2234DF93-108C-41FA-A284-25D78FBBBD5E}.Debug|x86.Build.0 = Debug|Win32
		{2234DF93-108C-41FA-A284-25D78FBBBD5E}.JustLoader|x64.ActiveCfg = JustLoader|x64
		{2234DF93-108C-41FA-A284-25D78FBBBD5E}.JustLoader|x64.Build.0 = JustLoader|x64
		{2234DF93-108C-41FA-A284-25D78FBBBD5E}.JustLoader|x86.ActiveCfg = JustLoader|Win32
		{2234DF93-108C-41FA-A284-25D78FBBBD5E}.Release|x64.ActiveCfg = Release|x64
		{2234DF93-108C-41FA-A284-25D78FBBBD5E}.Release|x86.ActiveCfg = Release|Win32
		{2234DF93-108C-41FA-A284-25D78FBBBD5E}.Release|x86.Build.0 = Release|Win32
	EndGlobalSection
	GlobalSection(SolutionProperties) = preSolution
		HideSolutionNode = FALSE
	EndGlobalSection
	GlobalSection(ExtensibilityGlobals) = postSolution
		SolutionGuid = {C4B86B29-7CA3-4906-8F85-511EB9A1F928}
	EndGlobalSection
EndGlobal
